Microsoft Visual Studio Solution File, Format Version 12.00
# Visual Studio Version 17
VisualStudioVersion = 17.0.31903.59
MinimumVisualStudioVersion = 10.0.40219.1
Project("{FAE04EC0-301F-11D3-BF4B-00C04F79EFBC}") = "rpg-character-service", "src\rpg-character-service.csproj", "{A62E9EC3-412D-4EB7-BBB2-B0B3F3654B00}"
EndProject
Project("{2150E333-8FDC-42A3-9474-1A3956D46DE8}") = "tests", "tests", "{6DF6A6C9-6B25-4ABD-BCA3-C1B03B5DD3AB}"
EndProject
Project("{2150E333-8FDC-42A3-9474-1A3956D46DE8}") = "Unit", "tests\Unit", "{7B1C76FF-CE0C-4264-9FBC-D62FE7D30089}"
EndProject
Project("{2150E333-8FDC-42A3-9474-1A3956D46DE8}") = "Integration", "tests\Integration", "{8B1C76FF-CE0C-4264-9FBC-D62FE7D30089}"
EndProject
Project("{FAE04EC0-301F-11D3-BF4B-00C04F79EFBC}") = "rpg-character-service.unit-tests", "tests\Unit\rpg-character-service.unit-tests.csproj", "{9B1C76FF-CE0C-4264-9FBC-D62FE7D30089}"
EndProject
Project("{FAE04EC0-301F-11D3-BF4B-00C04F79EFBC}") = "rpg-character-service.integration-tests", "tests\Integration\rpg-character-service.integration-tests.csproj", "{184090D2-B91A-4099-87D6-FB81EB4FEDE0}"
EndProject
Global
	GlobalSection(SolutionConfigurationPlatforms) = preSolution
		Debug|Any CPU = Debug|Any CPU
		Release|Any CPU = Release|Any CPU
	EndGlobalSection
	GlobalSection(SolutionProperties) = preSolution
		HideSolutionNode = FALSE
	EndGlobalSection
	GlobalSection(ProjectConfigurationPlatforms) = postSolution
		{A62E9EC3-412D-4EB7-BBB2-B0B3F3654B00}.Debug|Any CPU.ActiveCfg = Debug|Any CPU
		{A62E9EC3-412D-4EB7-BBB2-B0B3F3654B00}.Debug|Any CPU.Build.0 = Debug|Any CPU
		{A62E9EC3-412D-4EB7-BBB2-B0B3F3654B00}.Release|Any CPU.ActiveCfg = Release|Any CPU
		{A62E9EC3-412D-4EB7-BBB2-B0B3F3654B00}.Release|Any CPU.Build.0 = Release|Any CPU
		{9B1C76FF-CE0C-4264-9FBC-D62FE7D30089}.Debug|Any CPU.ActiveCfg = Debug|Any CPU
		{9B1C76FF-CE0C-4264-9FBC-D62FE7D30089}.Debug|Any CPU.Build.0 = Debug|Any CPU
		{9B1C76FF-CE0C-4264-9FBC-D62FE7D30089}.Release|Any CPU.ActiveCfg = Release|Any CPU
		{9B1C76FF-CE0C-4264-9FBC-D62FE7D30089}.Release|Any CPU.Build.0 = Release|Any CPU
		{184090D2-B91A-4099-87D6-FB81EB4FEDE0}.Debug|Any CPU.ActiveCfg = Debug|Any CPU
		{184090D2-B91A-4099-87D6-FB81EB4FEDE0}.Debug|Any CPU.Build.0 = Debug|Any CPU
		{184090D2-B91A-4099-87D6-FB81EB4FEDE0}.Release|Any CPU.ActiveCfg = Release|Any CPU
		{184090D2-B91A-4099-87D6-FB81EB4FEDE0}.Release|Any CPU.Build.0 = Release|Any CPU
	EndGlobalSection
	GlobalSection(NestedProjects) = preSolution
		{7B1C76FF-CE0C-4264-9FBC-D62FE7D30089} = {6DF6A6C9-6B25-4ABD-BCA3-C1B03B5DD3AB}
		{8B1C76FF-CE0C-4264-9FBC-D62FE7D30089} = {6DF6A6C9-6B25-4ABD-BCA3-C1B03B5DD3AB}
		{9B1C76FF-CE0C-4264-9FBC-D62FE7D30089} = {7B1C76FF-CE0C-4264-9FBC-D62FE7D30089}
		{184090D2-B91A-4099-87D6-FB81EB4FEDE0} = {8B1C76FF-CE0C-4264-9FBC-D62FE7D30089}
	EndGlobalSection
EndGlobal
